
Microsoft Visual Studio Solution File, Format Version 12.00
# Visual Studio 15
VisualStudioVersion = 15.0.27130.2036
MinimumVisualStudioVersion = 10.0.40219.1
Project("{FAE04EC0-301F-11D3-BF4B-00C04F79EFBC}") = "SalesTracker_Example", "SalesTracker_Example\SalesTracker_Example.csproj", "{8BA6E27C-B00C-46A0-B40E-E9579CCA4D7B}"
EndProject
Global
	GlobalSection(SolutionConfigurationPlatforms) = preSolution
		Debug|Any CPU = Debug|Any CPU
		Release|Any CPU = Release|Any CPU
	EndGlobalSection
	GlobalSection(ProjectConfigurationPlatforms) = postSolution
		{8BA6E27C-B00C-46A0-B40E-E9579CCA4D7B}.Debug|Any CPU.ActiveCfg = Debug|Any CPU
		{8BA6E27C-B00C-46A0-B40E-E9579CCA4D7B}.Debug|Any CPU.Build.0 = Debug|Any CPU
		{8BA6E27C-B00C-46A0-B40E-E9579CCA4D7B}.Release|Any CPU.ActiveCfg = Release|Any CPU
		{8BA6E27C-B00C-46A0-B40E-E9579CCA4D7B}.Release|Any CPU.Build.0 = Release|Any CPU
	EndGlobalSection
	GlobalSection(SolutionProperties) = preSolution
		HideSolutionNode = FALSE
	EndGlobalSection
	GlobalSection(ExtensibilityGlobals) = postSolution
		SolutionGuid = {C14656A7-356C-4602-8DE6-4F35430264C5}
	EndGlobalSection
EndGlobal
